
Microsoft Visual Studio Solution File, Format Version 12.00
# Visual Studio Version 16
VisualStudioVersion = 16.0.32126.315
MinimumVisualStudioVersion = 10.0.40219.1
Project("{FAE04EC0-301F-11D3-BF4B-00C04F79EFBC}") = "FortunesFromTheScrapyard", "FortunesFromTheScrapyard\FortunesFromTheScrapyard.csproj", "{C1C7922A-048B-4D37-89E3-A1C2867111CE}"
EndProject
Global
	GlobalSection(SolutionConfigurationPlatforms) = preSolution
		Debug|Any CPU = Debug|Any CPU
		Release|Any CPU = Release|Any CPU
	EndGlobalSection
	GlobalSection(ProjectConfigurationPlatforms) = postSolution
		{C1C7922A-048B-4D37-89E3-A1C2867111CE}.Debug|Any CPU.ActiveCfg = Debug|Any CPU
		{C1C7922A-048B-4D37-89E3-A1C2867111CE}.Debug|Any CPU.Build.0 = Debug|Any CPU
		{C1C7922A-048B-4D37-89E3-A1C2867111CE}.Release|Any CPU.ActiveCfg = Release|Any CPU
		{C1C7922A-048B-4D37-89E3-A1C2867111CE}.Release|Any CPU.Build.0 = Release|Any CPU
	EndGlobalSection
	GlobalSection(SolutionProperties) = preSolution
		HideSolutionNode = FALSE
	EndGlobalSection
	GlobalSection(ExtensibilityGlobals) = postSolution
		SolutionGuid = {531BA21B-2C77-4A5C-9D09-9D0B307EF228}
	EndGlobalSection
EndGlobal
